// !$*UTF8*$!
{
	archiveVersion = 1;
	classes = {
	};
	objectVersion = 46;
	objects = {

/* Begin PBXBuildFile section */
		5AAB65EE1EFDBB2C00A337F0 /* PhotosViewController.swift in Sources */ = {isa = PBXBuildFile; fileRef = 5AAB65ED1EFDBB2C00A337F0 /* PhotosViewController.swift */; };
		5AAB65F01EFDBCF000A337F0 /* FlickrAPI.swift in Sources */ = {isa = PBXBuildFile; fileRef = 5AAB65EF1EFDBCF000A337F0 /* FlickrAPI.swift */; };
		5AAB65F21EFDC56E00A337F0 /* PhotoStore.swift in Sources */ = {isa = PBXBuildFile; fileRef = 5AAB65F11EFDC56E00A337F0 /* PhotoStore.swift */; };
		83C392011EFCB82F00E1BB84 /* AppDelegate.swift in Sources */ = {isa = PBXBuildFile; fileRef = 83C392001EFCB82F00E1BB84 /* AppDelegate.swift */; };
		83C392061EFCB82F00E1BB84 /* Main.storyboard in Resources */ = {isa = PBXBuildFile; fileRef = 83C392041EFCB82F00E1BB84 /* Main.storyboard */; };
		83C392081EFCB82F00E1BB84 /* Assets.xcassets in Resources */ = {isa = PBXBuildFile; fileRef = 83C392071EFCB82F00E1BB84 /* Assets.xcassets */; };
		83C3920B1EFCB82F00E1BB84 /* LaunchScreen.storyboard in Resources */ = {isa = PBXBuildFile; fileRef = 83C392091EFCB82F00E1BB84 /* LaunchScreen.storyboard */; };
		83C392161EFCB82F00E1BB84 /* webServicesTests.swift in Sources */ = {isa = PBXBuildFile; fileRef = 83C392151EFCB82F00E1BB84 /* webServicesTests.swift */; };
		83C392211EFCB82F00E1BB84 /* webServicesUITests.swift in Sources */ = {isa = PBXBuildFile; fileRef = 83C392201EFCB82F00E1BB84 /* webServicesUITests.swift */; };
/* End PBXBuildFile section */

/* Begin PBXContainerItemProxy section */
		83C392121EFCB82F00E1BB84 /* PBXContainerItemProxy */ = {
			isa = PBXContainerItemProxy;
			containerPortal = 83C391F51EFCB82E00E1BB84 /* Project object */;
			proxyType = 1;
			remoteGlobalIDString = 83C391FC1EFCB82E00E1BB84;
			remoteInfo = webServices;
		};
		83C3921D1EFCB82F00E1BB84 /* PBXContainerItemProxy */ = {
			isa = PBXContainerItemProxy;
			containerPortal = 83C391F51EFCB82E00E1BB84 /* Project object */;
			proxyType = 1;
			remoteGlobalIDString = 83C391FC1EFCB82E00E1BB84;
			remoteInfo = webServices;
		};
/* End PBXContainerItemProxy section */

/* Begin PBXFileReference section */
		5AAB65ED1EFDBB2C00A337F0 /* PhotosViewController.swift */ = {isa = PBXFileReference; fileEncoding = 4; lastKnownFileType = sourcecode.swift; path = PhotosViewController.swift; sourceTree = "<group>"; };
		5AAB65EF1EFDBCF000A337F0 /* FlickrAPI.swift */ = {isa = PBXFileReference; fileEncoding = 4; lastKnownFileType = sourcecode.swift; path = FlickrAPI.swift; sourceTree = "<group>"; };
		5AAB65F11EFDC56E00A337F0 /* PhotoStore.swift */ = {isa = PBXFileReference; fileEncoding = 4; lastKnownFileType = sourcecode.swift; path = PhotoStore.swift; sourceTree = "<group>"; };
		83C391FD1EFCB82F00E1BB84 /* webServices.app */ = {isa = PBXFileReference; explicitFileType = wrapper.application; includeInIndex = 0; path = webServices.app; sourceTree = BUILT_PRODUCTS_DIR; };
		83C392001EFCB82F00E1BB84 /* AppDelegate.swift */ = {isa = PBXFileReference; lastKnownFileType = sourcecode.swift; path = AppDelegate.swift; sourceTree = "<group>"; };
		83C392051EFCB82F00E1BB84 /* Base */ = {isa = PBXFileReference; lastKnownFileType = file.storyboard; name = Base; path = Base.lproj/Main.storyboard; sourceTree = "<group>"; };
		83C392071EFCB82F00E1BB84 /* Assets.xcassets */ = {isa = PBXFileReference; lastKnownFileType = folder.assetcatalog; path = Assets.xcassets; sourceTree = "<group>"; };
		83C3920A1EFCB82F00E1BB84 /* Base */ = {isa = PBXFileReference; lastKnownFileType = file.storyboard; name = Base; path = Base.lproj/LaunchScreen.storyboard; sourceTree = "<group>"; };
		83C3920C1EFCB82F00E1BB84 /* Info.plist */ = {isa = PBXFileReference; lastKnownFileType = text.plist.xml; path = Info.plist; sourceTree = "<group>"; };
		83C392111EFCB82F00E1BB84 /* webServicesTests.xctest */ = {isa = PBXFileReference; explicitFileType = wrapper.cfbundle; includeInIndex = 0; path = webServicesTests.xctest; sourceTree = BUILT_PRODUCTS_DIR; };
		83C392151EFCB82F00E1BB84 /* webServicesTests.swift */ = {isa = PBXFileReference; lastKnownFileType = sourcecode.swift; path = webServicesTests.swift; sourceTree = "<group>"; };
		83C392171EFCB82F00E1BB84 /* Info.plist */ = {isa = PBXFileReference; lastKnownFileType = text.plist.xml; path = Info.plist; sourceTree = "<group>"; };
		83C3921C1EFCB82F00E1BB84 /* webServicesUITests.xctest */ = {isa = PBXFileReference; explicitFileType = wrapper.cfbundle; includeInIndex = 0; path = webServicesUITests.xctest; sourceTree = BUILT_PRODUCTS_DIR; };
		83C392201EFCB82F00E1BB84 /* webServicesUITests.swift */ = {isa = PBXFileReference; lastKnownFileType = sourcecode.swift; path = webServicesUITests.swift; sourceTree = "<group>"; };
		83C392221EFCB82F00E1BB84 /* Info.plist */ = {isa = PBXFileReference; lastKnownFileType = text.plist.xml; path = Info.plist; sourceTree = "<group>"; };
/* End PBXFileReference section */

/* Begin PBXFrameworksBuildPhase section */
		83C391FA1EFCB82E00E1BB84 /* Frameworks */ = {
			isa = PBXFrameworksBuildPhase;
			buildActionMask = 2147483647;
			files = (
			);
			runOnlyForDeploymentPostprocessing = 0;
		};
		83C3920E1EFCB82F00E1BB84 /* Frameworks */ = {
			isa = PBXFrameworksBuildPhase;
			buildActionMask = 2147483647;
			files = (
			);
			runOnlyForDeploymentPostprocessing = 0;
		};
		83C392191EFCB82F00E1BB84 /* Frameworks */ = {
			isa = PBXFrameworksBuildPhase;
			buildActionMask = 2147483647;
			files = (
			);
			runOnlyForDeploymentPostprocessing = 0;
		};
/* End PBXFrameworksBuildPhase section */

/* Begin PBXGroup section */
		83C391F41EFCB82E00E1BB84 = {
			isa = PBXGroup;
			children = (
				83C391FF1EFCB82F00E1BB84 /* webServices */,
				83C392141EFCB82F00E1BB84 /* webServicesTests */,
				83C3921F1EFCB82F00E1BB84 /* webServicesUITests */,
				83C391FE1EFCB82F00E1BB84 /* Products */,
			);
			sourceTree = "<group>";
		};
		83C391FE1EFCB82F00E1BB84 /* Products */ = {
			isa = PBXGroup;
			children = (
				83C391FD1EFCB82F00E1BB84 /* webServices.app */,
				83C392111EFCB82F00E1BB84 /* webServicesTests.xctest */,
				83C3921C1EFCB82F00E1BB84 /* webServicesUITests.xctest */,
			);
			name = Products;
			sourceTree = "<group>";
		};
		83C391FF1EFCB82F00E1BB84 /* webServices */ = {
			isa = PBXGroup;
			children = (
				83C392001EFCB82F00E1BB84 /* AppDelegate.swift */,
				83C392041EFCB82F00E1BB84 /* Main.storyboard */,
				5AAB65EF1EFDBCF000A337F0 /* FlickrAPI.swift */,
				5AAB65F11EFDC56E00A337F0 /* PhotoStore.swift */,
				5AAB65ED1EFDBB2C00A337F0 /* PhotosViewController.swift */,
				83C392071EFCB82F00E1BB84 /* Assets.xcassets */,
				83C392091EFCB82F00E1BB84 /* LaunchScreen.storyboard */,
				83C3920C1EFCB82F00E1BB84 /* Info.plist */,
			);
			path = webServices;
			sourceTree = "<group>";
		};
		83C392141EFCB82F00E1BB84 /* webServicesTests */ = {
			isa = PBXGroup;
			children = (
				83C392151EFCB82F00E1BB84 /* webServicesTests.swift */,
				83C392171EFCB82F00E1BB84 /* Info.plist */,
			);
			path = webServicesTests;
			sourceTree = "<group>";
		};
		83C3921F1EFCB82F00E1BB84 /* webServicesUITests */ = {
			isa = PBXGroup;
			children = (
				83C392201EFCB82F00E1BB84 /* webServicesUITests.swift */,
				83C392221EFCB82F00E1BB84 /* Info.plist */,
			);
			path = webServicesUITests;
			sourceTree = "<group>";
		};
/* End PBXGroup section */

/* Begin PBXNativeTarget section */
		83C391FC1EFCB82E00E1BB84 /* webServices */ = {
			isa = PBXNativeTarget;
			buildConfigurationList = 83C392251EFCB82F00E1BB84 /* Build configuration list for PBXNativeTarget "webServices" */;
			buildPhases = (
				83C391F91EFCB82E00E1BB84 /* Sources */,
				83C391FA1EFCB82E00E1BB84 /* Frameworks */,
				83C391FB1EFCB82E00E1BB84 /* Resources */,
			);
			buildRules = (
			);
			dependencies = (
			);
			name = webServices;
			productName = webServices;
			productReference = 83C391FD1EFCB82F00E1BB84 /* webServices.app */;
			productType = "com.apple.product-type.application";
		};
		83C392101EFCB82F00E1BB84 /* webServicesTests */ = {
			isa = PBXNativeTarget;
			buildConfigurationList = 83C392281EFCB82F00E1BB84 /* Build configuration list for PBXNativeTarget "webServicesTests" */;
			buildPhases = (
				83C3920D1EFCB82F00E1BB84 /* Sources */,
				83C3920E1EFCB82F00E1BB84 /* Frameworks */,
				83C3920F1EFCB82F00E1BB84 /* Resources */,
			);
			buildRules = (
			);
			dependencies = (
				83C392131EFCB82F00E1BB84 /* PBXTargetDependency */,
			);
			name = webServicesTests;
			productName = webServicesTests;
			productReference = 83C392111EFCB82F00E1BB84 /* webServicesTests.xctest */;
			productType = "com.apple.product-type.bundle.unit-test";
		};
		83C3921B1EFCB82F00E1BB84 /* webServicesUITests */ = {
			isa = PBXNativeTarget;
			buildConfigurationList = 83C3922B1EFCB82F00E1BB84 /* Build configuration list for PBXNativeTarget "webServicesUITests" */;
			buildPhases = (
				83C392181EFCB82F00E1BB84 /* Sources */,
				83C392191EFCB82F00E1BB84 /* Frameworks */,
				83C3921A1EFCB82F00E1BB84 /* Resources */,
			);
			buildRules = (
			);
			dependencies = (
				83C3921E1EFCB82F00E1BB84 /* PBXTargetDependency */,
			);
			name = webServicesUITests;
			productName = webServicesUITests;
			productReference = 83C3921C1EFCB82F00E1BB84 /* webServicesUITests.xctest */;
			productType = "com.apple.product-type.bundle.ui-testing";
		};
/* End PBXNativeTarget section */

/* Begin PBXProject section */
		83C391F51EFCB82E00E1BB84 /* Project object */ = {
			isa = PBXProject;
			attributes = {
				LastSwiftUpdateCheck = 0810;
				LastUpgradeCheck = 0810;
				ORGANIZATIONNAME = Tadmin;
				TargetAttributes = {
					83C391FC1EFCB82E00E1BB84 = {
						CreatedOnToolsVersion = 8.1;
						ProvisioningStyle = Automatic;
					};
					83C392101EFCB82F00E1BB84 = {
						CreatedOnToolsVersion = 8.1;
						ProvisioningStyle = Automatic;
						TestTargetID = 83C391FC1EFCB82E00E1BB84;
					};
					83C3921B1EFCB82F00E1BB84 = {
						CreatedOnToolsVersion = 8.1;
						ProvisioningStyle = Automatic;
						TestTargetID = 83C391FC1EFCB82E00E1BB84;
					};
				};
			};
			buildConfigurationList = 83C391F81EFCB82E00E1BB84 /* Build configuration list for PBXProject "webServices" */;
			compatibilityVersion = "Xcode 3.2";
			developmentRegion = English;
			hasScannedForEncodings = 0;
			knownRegions = (
				en,
				Base,
			);
			mainGroup = 83C391F41EFCB82E00E1BB84;
			productRefGroup = 83C391FE1EFCB82F00E1BB84 /* Products */;
			projectDirPath = "";
			projectRoot = "";
			targets = (
				83C391FC1EFCB82E00E1BB84 /* webServices */,
				83C392101EFCB82F00E1BB84 /* webServicesTests */,
				83C3921B1EFCB82F00E1BB84 /* webServicesUITests */,
			);
		};
/* End PBXProject section */

/* Begin PBXResourcesBuildPhase section */
		83C391FB1EFCB82E00E1BB84 /* Resources */ = {
			isa = PBXResourcesBuildPhase;
			buildActionMask = 2147483647;
			files = (
				83C3920B1EFCB82F00E1BB84 /* LaunchScreen.storyboard in Resources */,
				83C392081EFCB82F00E1BB84 /* Assets.xcassets in Resources */,
				83C392061EFCB82F00E1BB84 /* Main.storyboard in Resources */,
			);
			runOnlyForDeploymentPostprocessing = 0;
		};
		83C3920F1EFCB82F00E1BB84 /* Resources */ = {
			isa = PBXResourcesBuildPhase;
			buildActionMask = 2147483647;
			files = (
			);
			runOnlyForDeploymentPostprocessing = 0;
		};
		83C3921A1EFCB82F00E1BB84 /* Resources */ = {
			isa = PBXResourcesBuildPhase;
			buildActionMask = 2147483647;
			files = (
			);
			runOnlyForDeploymentPostprocessing = 0;
		};
/* End PBXResourcesBuildPhase section */

/* Begin PBXSourcesBuildPhase section */
		83C391F91EFCB82E00E1BB84 /* Sources */ = {
			isa = PBXSourcesBuildPhase;
			buildActionMask = 2147483647;
			files = (
				5AAB65F01EFDBCF000A337F0 /* FlickrAPI.swift in Sources */,
				5AAB65EE1EFDBB2C00A337F0 /* PhotosViewController.swift in Sources */,
				5AAB65F21EFDC56E00A337F0 /* PhotoStore.swift in Sources */,
				83C392011EFCB82F00E1BB84 /* AppDelegate.swift in Sources */,
			);
			runOnlyForDeploymentPostprocessing = 0;
		};
		83C3920D1EFCB82F00E1BB84 /* Sources */ = {
			isa = PBXSourcesBuildPhase;
			buildActionMask = 2147483647;
			files = (
				83C392161EFCB82F00E1BB84 /* webServicesTests.swift in Sources */,
			);
			runOnlyForDeploymentPostprocessing = 0;
		};
		83C392181EFCB82F00E1BB84 /* Sources */ = {
			isa = PBXSourcesBuildPhase;
			buildActionMask = 2147483647;
			files = (
				83C392211EFCB82F00E1BB84 /* webServicesUITests.swift in Sources */,
			);
			runOnlyForDeploymentPostprocessing = 0;
		};
/* End PBXSourcesBuildPhase section */

/* Begin PBXTargetDependency section */
		83C392131EFCB82F00E1BB84 /* PBXTargetDependency */ = {
			isa = PBXTargetDependency;
			target = 83C391FC1EFCB82E00E1BB84 /* webServices */;
			targetProxy = 83C392121EFCB82F00E1BB84 /* PBXContainerItemProxy */;
		};
		83C3921E1EFCB82F00E1BB84 /* PBXTargetDependency */ = {
			isa = PBXTargetDependency;
			target = 83C391FC1EFCB82E00E1BB84 /* webServices */;
			targetProxy = 83C3921D1EFCB82F00E1BB84 /* PBXContainerItemProxy */;
		};
/* End PBXTargetDependency section */

/* Begin PBXVariantGroup section */
		83C392041EFCB82F00E1BB84 /* Main.storyboard */ = {
			isa = PBXVariantGroup;
			children = (
				83C392051EFCB82F00E1BB84 /* Base */,
			);
			name = Main.storyboard;
			sourceTree = "<group>";
		};
		83C392091EFCB82F00E1BB84 /* LaunchScreen.storyboard */ = {
			isa = PBXVariantGroup;
			children = (
				83C3920A1EFCB82F00E1BB84 /* Base */,
			);
			name = LaunchScreen.storyboard;
			sourceTree = "<group>";
		};
/* End PBXVariantGroup section */

/* Begin XCBuildConfiguration section */
		83C392231EFCB82F00E1BB84 /* Debug */ = {
			isa = XCBuildConfiguration;
			buildSettings = {
				ALWAYS_SEARCH_USER_PATHS = NO;
				CLANG_ANALYZER_NONNULL = YES;
				CLANG_CXX_LANGUAGE_STANDARD = "gnu++0x";
				CLANG_CXX_LIBRARY = "libc++";
				CLANG_ENABLE_MODULES = YES;
				CLANG_ENABLE_OBJC_ARC = YES;
				CLANG_WARN_BOOL_CONVERSION = YES;
				CLANG_WARN_CONSTANT_CONVERSION = YES;
				CLANG_WARN_DIRECT_OBJC_ISA_USAGE = YES_ERROR;
				CLANG_WARN_DOCUMENTATION_COMMENTS = YES;
				CLANG_WARN_EMPTY_BODY = YES;
				CLANG_WARN_ENUM_CONVERSION = YES;
				CLANG_WARN_INFINITE_RECURSION = YES;
				CLANG_WARN_INT_CONVERSION = YES;
				CLANG_WARN_OBJC_ROOT_CLASS = YES_ERROR;
				CLANG_WARN_SUSPICIOUS_MOVES = YES;
				CLANG_WARN_UNREACHABLE_CODE = YES;
				CLANG_WARN__DUPLICATE_METHOD_MATCH = YES;
				"CODE_SIGN_IDENTITY[sdk=iphoneos*]" = "iPhone Developer";
				COPY_PHASE_STRIP = NO;
				DEBUG_INFORMATION_FORMAT = dwarf;
				ENABLE_STRICT_OBJC_MSGSEND = YES;
				ENABLE_TESTABILITY = YES;
				GCC_C_LANGUAGE_STANDARD = gnu99;
				GCC_DYNAMIC_NO_PIC = NO;
				GCC_NO_COMMON_BLOCKS = YES;
				GCC_OPTIMIZATION_LEVEL = 0;
				GCC_PREPROCESSOR_DEFINITIONS = (
					"DEBUG=1",
					"$(inherited)",
				);
				GCC_WARN_64_TO_32_BIT_CONVERSION = YES;
				GCC_WARN_ABOUT_RETURN_TYPE = YES_ERROR;
				GCC_WARN_UNDECLARED_SELECTOR = YES;
				GCC_WARN_UNINITIALIZED_AUTOS = YES_AGGRESSIVE;
				GCC_WARN_UNUSED_FUNCTION = YES;
				GCC_WARN_UNUSED_VARIABLE = YES;
				IPHONEOS_DEPLOYMENT_TARGET = 10.1;
				MTL_ENABLE_DEBUG_INFO = YES;
				ONLY_ACTIVE_ARCH = YES;
				SDKROOT = iphoneos;
				SWIFT_ACTIVE_COMPILATION_CONDITIONS = DEBUG;
				SWIFT_OPTIMIZATION_LEVEL = "-Onone";
				TARGETED_DEVICE_FAMILY = "1,2";
			};
			name = Debug;
		};
		83C392241EFCB82F00E1BB84 /* Release */ = {
			isa = XCBuildConfiguration;
			buildSettings = {
				ALWAYS_SEARCH_USER_PATHS = NO;
				CLANG_ANALYZER_NONNULL = YES;
				CLANG_CXX_LANGUAGE_STANDARD = "gnu++0x";
				CLANG_CXX_LIBRARY = "libc++";
				CLANG_ENABLE_MODULES = YES;
				CLANG_ENABLE_OBJC_ARC = YES;
				CLANG_WARN_BOOL_CONVERSION = YES;
				CLANG_WARN_CONSTANT_CONVERSION = YES;
				CLANG_WARN_DIRECT_OBJC_ISA_USAGE = YES_ERROR;
				CLANG_WARN_DOCUMENTATION_COMMENTS = YES;
				CLANG_WARN_EMPTY_BODY = YES;
				CLANG_WARN_ENUM_CONVERSION = YES;
				CLANG_WARN_INFINITE_RECURSION = YES;
				CLANG_WARN_INT_CONVERSION = YES;
				CLANG_WARN_OBJC_ROOT_CLASS = YES_ERROR;
				CLANG_WARN_SUSPICIOUS_MOVES = YES;
				CLANG_WARN_UNREACHABLE_CODE = YES;
				CLANG_WARN__DUPLICATE_METHOD_MATCH = YES;
				"CODE_SIGN_IDENTITY[sdk=iphoneos*]" = "iPhone Developer";
				COPY_PHASE_STRIP = NO;
				DEBUG_INFORMATION_FORMAT = "dwarf-with-dsym";
				ENABLE_NS_ASSERTIONS = NO;
				ENABLE_STRICT_OBJC_MSGSEND = YES;
				GCC_C_LANGUAGE_STANDARD = gnu99;
				GCC_NO_COMMON_BLOCKS = YES;
				GCC_WARN_64_TO_32_BIT_CONVERSION = YES;
				GCC_WARN_ABOUT_RETURN_TYPE = YES_ERROR;
				GCC_WARN_UNDECLARED_SELECTOR = YES;
				GCC_WARN_UNINITIALIZED_AUTOS = YES_AGGRESSIVE;
				GCC_WARN_UNUSED_FUNCTION = YES;
				GCC_WARN_UNUSED_VARIABLE = YES;
				IPHONEOS_DEPLOYMENT_TARGET = 10.1;
				MTL_ENABLE_DEBUG_INFO = NO;
				SDKROOT = iphoneos;
				SWIFT_OPTIMIZATION_LEVEL = "-Owholemodule";
				TARGETED_DEVICE_FAMILY = "1,2";
				VALIDATE_PRODUCT = YES;
			};
			name = Release;
		};
		83C392261EFCB82F00E1BB84 /* Debug */ = {
			isa = XCBuildConfiguration;
			buildSettings = {
				ASSETCATALOG_COMPILER_APPICON_NAME = AppIcon;
				INFOPLIST_FILE = webServices/Info.plist;
				IPHONEOS_DEPLOYMENT_TARGET = 10.0;
				LD_RUNPATH_SEARCH_PATHS = "$(inherited) @executable_path/Frameworks";
				PRODUCT_BUNDLE_IDENTIFIER = Tadmin.webServices;
				PRODUCT_NAME = "$(TARGET_NAME)";
				SWIFT_VERSION = 3.0;
			};
			name = Debug;
		};
		83C392271EFCB82F00E1BB84 /* Release */ = {
			isa = XCBuildConfiguration;
			buildSettings = {
				ASSETCATALOG_COMPILER_APPICON_NAME = AppIcon;
				INFOPLIST_FILE = webServices/Info.plist;
				IPHONEOS_DEPLOYMENT_TARGET = 10.0;
				LD_RUNPATH_SEARCH_PATHS = "$(inherited) @executable_path/Frameworks";
				PRODUCT_BUNDLE_IDENTIFIER = Tadmin.webServices;
				PRODUCT_NAME = "$(TARGET_NAME)";
				SWIFT_VERSION = 3.0;
			};
			name = Release;
		};
		83C392291EFCB82F00E1BB84 /* Debug */ = {
			isa = XCBuildConfiguration;
			buildSettings = {
				ALWAYS_EMBED_SWIFT_STANDARD_LIBRARIES = YES;
				BUNDLE_LOADER = "$(TEST_HOST)";
				INFOPLIST_FILE = webServicesTests/Info.plist;
				LD_RUNPATH_SEARCH_PATHS = "$(inherited) @executable_path/Frameworks @loader_path/Frameworks";
				PRODUCT_BUNDLE_IDENTIFIER = Tadmin.webServicesTests;
				PRODUCT_NAME = "$(TARGET_NAME)";
				SWIFT_VERSION = 3.0;
				TEST_HOST = "$(BUILT_PRODUCTS_DIR)/webServices.app/webServices";
			};
			name = Debug;
		};
		83C3922A1EFCB82F00E1BB84 /* Release */ = {
			isa = XCBuildConfiguration;
			buildSettings = {
				ALWAYS_EMBED_SWIFT_STANDARD_LIBRARIES = YES;
				BUNDLE_LOADER = "$(TEST_HOST)";
				INFOPLIST_FILE = webServicesTests/Info.plist;
				LD_RUNPATH_SEARCH_PATHS = "$(inherited) @executable_path/Frameworks @loader_path/Frameworks";
				PRODUCT_BUNDLE_IDENTIFIER = Tadmin.webServicesTests;
				PRODUCT_NAME = "$(TARGET_NAME)";
				SWIFT_VERSION = 3.0;
				TEST_HOST = "$(BUILT_PRODUCTS_DIR)/webServices.app/webServices";
			};
			name = Release;
		};
		83C3922C1EFCB82F00E1BB84 /* Debug */ = {
			isa = XCBuildConfiguration;
			buildSettings = {
				ALWAYS_EMBED_SWIFT_STANDARD_LIBRARIES = YES;
				INFOPLIST_FILE = webServicesUITests/Info.plist;
				LD_RUNPATH_SEARCH_PATHS = "$(inherited) @executable_path/Frameworks @loader_path/Frameworks";
				PRODUCT_BUNDLE_IDENTIFIER = Tadmin.webServicesUITests;
				PRODUCT_NAME = "$(TARGET_NAME)";
				SWIFT_VERSION = 3.0;
				TEST_TARGET_NAME = webServices;
			};
			name = Debug;
		};
		83C3922D1EFCB82F00E1BB84 /* Release */ = {
			isa = XCBuildConfiguration;
			buildSettings = {
				ALWAYS_EMBED_SWIFT_STANDARD_LIBRARIES = YES;
				INFOPLIST_FILE = webServicesUITests/Info.plist;
				LD_RUNPATH_SEARCH_PATHS = "$(inherited) @executable_path/Frameworks @loader_path/Frameworks";
				PRODUCT_BUNDLE_IDENTIFIER = Tadmin.webServicesUITests;
				PRODUCT_NAME = "$(TARGET_NAME)";
				SWIFT_VERSION = 3.0;
				TEST_TARGET_NAME = webServices;
			};
			name = Release;
		};
/* End XCBuildConfiguration section */

/* Begin XCConfigurationList section */
		83C391F81EFCB82E00E1BB84 /* Build configuration list for PBXProject "webServices" */ = {
			isa = XCConfigurationList;
			buildConfigurations = (
				83C392231EFCB82F00E1BB84 /* Debug */,
				83C392241EFCB82F00E1BB84 /* Release */,
			);
			defaultConfigurationIsVisible = 0;
			defaultConfigurationName = Release;
		};
		83C392251EFCB82F00E1BB84 /* Build configuration list for PBXNativeTarget "webServices" */ = {
			isa = XCConfigurationList;
			buildConfigurations = (
				83C392261EFCB82F00E1BB84 /* Debug */,
				83C392271EFCB82F00E1BB84 /* Release */,
			);
			defaultConfigurationIsVisible = 0;
			defaultConfigurationName = Release;
		};
		83C392281EFCB82F00E1BB84 /* Build configuration list for PBXNativeTarget "webServicesTests" */ = {
			isa = XCConfigurationList;
			buildConfigurations = (
				83C392291EFCB82F00E1BB84 /* Debug */,
				83C3922A1EFCB82F00E1BB84 /* Release */,
			);
			defaultConfigurationIsVisible = 0;
			defaultConfigurationName = Release;
		};
		83C3922B1EFCB82F00E1BB84 /* Build configuration list for PBXNativeTarget "webServicesUITests" */ = {
			isa = XCConfigurationList;
			buildConfigurations = (
				83C3922C1EFCB82F00E1BB84 /* Debug */,
				83C3922D1EFCB82F00E1BB84 /* Release */,
			);
			defaultConfigurationIsVisible = 0;
			defaultConfigurationName = Release;
		};
/* End XCConfigurationList section */
	};
	rootObject = 83C391F51EFCB82E00E1BB84 /* Project object */;
}
