// !$*UTF8*$!
{
	archiveVersion = 1;
	classes = {
	};
	objectVersion = 46;
	objects = {

/* Begin PBXBuildFile section */
		8312E16A1EF8B61C00EDBF05 /* MapKit.framework in Frameworks */ = {isa = PBXBuildFile; fileRef = 8312E1691EF8B61C00EDBF05 /* MapKit.framework */; };
		8312E16C1EF8BC9300EDBF05 /* MapViewController.swift in Sources */ = {isa = PBXBuildFile; fileRef = 8312E16B1EF8BC9300EDBF05 /* MapViewController.swift */; };
		831430621EF257FC00519194 /* AppDelegate.swift in Sources */ = {isa = PBXBuildFile; fileRef = 831430611EF257FC00519194 /* AppDelegate.swift */; };
		831430641EF257FC00519194 /* ConversionViewController.swift in Sources */ = {isa = PBXBuildFile; fileRef = 831430631EF257FC00519194 /* ConversionViewController.swift */; };
		831430671EF257FC00519194 /* Main.storyboard in Resources */ = {isa = PBXBuildFile; fileRef = 831430651EF257FC00519194 /* Main.storyboard */; };
		831430691EF257FC00519194 /* Assets.xcassets in Resources */ = {isa = PBXBuildFile; fileRef = 831430681EF257FC00519194 /* Assets.xcassets */; };
		8314306C1EF257FC00519194 /* LaunchScreen.storyboard in Resources */ = {isa = PBXBuildFile; fileRef = 8314306A1EF257FC00519194 /* LaunchScreen.storyboard */; };
		831430771EF257FC00519194 /* WorldTrotterTests.swift in Sources */ = {isa = PBXBuildFile; fileRef = 831430761EF257FC00519194 /* WorldTrotterTests.swift */; };
		831430821EF257FC00519194 /* WorldTrotterUITests.swift in Sources */ = {isa = PBXBuildFile; fileRef = 831430811EF257FC00519194 /* WorldTrotterUITests.swift */; };
/* End PBXBuildFile section */

/* Begin PBXContainerItemProxy section */
		831430731EF257FC00519194 /* PBXContainerItemProxy */ = {
			isa = PBXContainerItemProxy;
			containerPortal = 831430561EF257FC00519194 /* Project object */;
			proxyType = 1;
			remoteGlobalIDString = 8314305D1EF257FC00519194;
			remoteInfo = WorldTrotter;
		};
		8314307E1EF257FC00519194 /* PBXContainerItemProxy */ = {
			isa = PBXContainerItemProxy;
			containerPortal = 831430561EF257FC00519194 /* Project object */;
			proxyType = 1;
			remoteGlobalIDString = 8314305D1EF257FC00519194;
			remoteInfo = WorldTrotter;
		};
/* End PBXContainerItemProxy section */

/* Begin PBXFileReference section */
		8312E1691EF8B61C00EDBF05 /* MapKit.framework */ = {isa = PBXFileReference; lastKnownFileType = wrapper.framework; name = MapKit.framework; path = System/Library/Frameworks/MapKit.framework; sourceTree = SDKROOT; };
		8312E16B1EF8BC9300EDBF05 /* MapViewController.swift */ = {isa = PBXFileReference; fileEncoding = 4; lastKnownFileType = sourcecode.swift; path = MapViewController.swift; sourceTree = "<group>"; };
		8314305E1EF257FC00519194 /* WorldTrotter.app */ = {isa = PBXFileReference; explicitFileType = wrapper.application; includeInIndex = 0; path = WorldTrotter.app; sourceTree = BUILT_PRODUCTS_DIR; };
		831430611EF257FC00519194 /* AppDelegate.swift */ = {isa = PBXFileReference; lastKnownFileType = sourcecode.swift; path = AppDelegate.swift; sourceTree = "<group>"; };
		831430631EF257FC00519194 /* ConversionViewController.swift */ = {isa = PBXFileReference; lastKnownFileType = sourcecode.swift; path = ConversionViewController.swift; sourceTree = "<group>"; };
		831430661EF257FC00519194 /* Base */ = {isa = PBXFileReference; lastKnownFileType = file.storyboard; name = Base; path = Base.lproj/Main.storyboard; sourceTree = "<group>"; };
		831430681EF257FC00519194 /* Assets.xcassets */ = {isa = PBXFileReference; lastKnownFileType = folder.assetcatalog; path = Assets.xcassets; sourceTree = "<group>"; };
		8314306B1EF257FC00519194 /* Base */ = {isa = PBXFileReference; lastKnownFileType = file.storyboard; name = Base; path = Base.lproj/LaunchScreen.storyboard; sourceTree = "<group>"; };
		8314306D1EF257FC00519194 /* Info.plist */ = {isa = PBXFileReference; lastKnownFileType = text.plist.xml; path = Info.plist; sourceTree = "<group>"; };
		831430721EF257FC00519194 /* WorldTrotterTests.xctest */ = {isa = PBXFileReference; explicitFileType = wrapper.cfbundle; includeInIndex = 0; path = WorldTrotterTests.xctest; sourceTree = BUILT_PRODUCTS_DIR; };
		831430761EF257FC00519194 /* WorldTrotterTests.swift */ = {isa = PBXFileReference; lastKnownFileType = sourcecode.swift; path = WorldTrotterTests.swift; sourceTree = "<group>"; };
		831430781EF257FC00519194 /* Info.plist */ = {isa = PBXFileReference; lastKnownFileType = text.plist.xml; path = Info.plist; sourceTree = "<group>"; };
		8314307D1EF257FC00519194 /* WorldTrotterUITests.xctest */ = {isa = PBXFileReference; explicitFileType = wrapper.cfbundle; includeInIndex = 0; path = WorldTrotterUITests.xctest; sourceTree = BUILT_PRODUCTS_DIR; };
		831430811EF257FC00519194 /* WorldTrotterUITests.swift */ = {isa = PBXFileReference; lastKnownFileType = sourcecode.swift; path = WorldTrotterUITests.swift; sourceTree = "<group>"; };
		831430831EF257FC00519194 /* Info.plist */ = {isa = PBXFileReference; lastKnownFileType = text.plist.xml; path = Info.plist; sourceTree = "<group>"; };
/* End PBXFileReference section */

/* Begin PBXFrameworksBuildPhase section */
		8314305B1EF257FC00519194 /* Frameworks */ = {
			isa = PBXFrameworksBuildPhase;
			buildActionMask = 2147483647;
			files = (
				8312E16A1EF8B61C00EDBF05 /* MapKit.framework in Frameworks */,
			);
			runOnlyForDeploymentPostprocessing = 0;
		};
		8314306F1EF257FC00519194 /* Frameworks */ = {
			isa = PBXFrameworksBuildPhase;
			buildActionMask = 2147483647;
			files = (
			);
			runOnlyForDeploymentPostprocessing = 0;
		};
		8314307A1EF257FC00519194 /* Frameworks */ = {
			isa = PBXFrameworksBuildPhase;
			buildActionMask = 2147483647;
			files = (
			);
			runOnlyForDeploymentPostprocessing = 0;
		};
/* End PBXFrameworksBuildPhase section */

/* Begin PBXGroup section */
		8312E1681EF8B61C00EDBF05 /* Frameworks */ = {
			isa = PBXGroup;
			children = (
				8312E1691EF8B61C00EDBF05 /* MapKit.framework */,
			);
			name = Frameworks;
			sourceTree = "<group>";
		};
		831430551EF257FC00519194 = {
			isa = PBXGroup;
			children = (
				831430601EF257FC00519194 /* WorldTrotter */,
				831430751EF257FC00519194 /* WorldTrotterTests */,
				831430801EF257FC00519194 /* WorldTrotterUITests */,
				8314305F1EF257FC00519194 /* Products */,
				8312E1681EF8B61C00EDBF05 /* Frameworks */,
			);
			sourceTree = "<group>";
		};
		8314305F1EF257FC00519194 /* Products */ = {
			isa = PBXGroup;
			children = (
				8314305E1EF257FC00519194 /* WorldTrotter.app */,
				831430721EF257FC00519194 /* WorldTrotterTests.xctest */,
				8314307D1EF257FC00519194 /* WorldTrotterUITests.xctest */,
			);
			name = Products;
			sourceTree = "<group>";
		};
		831430601EF257FC00519194 /* WorldTrotter */ = {
			isa = PBXGroup;
			children = (
				831430611EF257FC00519194 /* AppDelegate.swift */,
				831430631EF257FC00519194 /* ConversionViewController.swift */,
				8312E16B1EF8BC9300EDBF05 /* MapViewController.swift */,
				831430651EF257FC00519194 /* Main.storyboard */,
				831430681EF257FC00519194 /* Assets.xcassets */,
				8314306A1EF257FC00519194 /* LaunchScreen.storyboard */,
				8314306D1EF257FC00519194 /* Info.plist */,
			);
			path = WorldTrotter;
			sourceTree = "<group>";
		};
		831430751EF257FC00519194 /* WorldTrotterTests */ = {
			isa = PBXGroup;
			children = (
				831430761EF257FC00519194 /* WorldTrotterTests.swift */,
				831430781EF257FC00519194 /* Info.plist */,
			);
			path = WorldTrotterTests;
			sourceTree = "<group>";
		};
		831430801EF257FC00519194 /* WorldTrotterUITests */ = {
			isa = PBXGroup;
			children = (
				831430811EF257FC00519194 /* WorldTrotterUITests.swift */,
				831430831EF257FC00519194 /* Info.plist */,
			);
			path = WorldTrotterUITests;
			sourceTree = "<group>";
		};
/* End PBXGroup section */

/* Begin PBXNativeTarget section */
		8314305D1EF257FC00519194 /* WorldTrotter */ = {
			isa = PBXNativeTarget;
			buildConfigurationList = 831430861EF257FC00519194 /* Build configuration list for PBXNativeTarget "WorldTrotter" */;
			buildPhases = (
				8314305A1EF257FC00519194 /* Sources */,
				8314305B1EF257FC00519194 /* Frameworks */,
				8314305C1EF257FC00519194 /* Resources */,
			);
			buildRules = (
			);
			dependencies = (
			);
			name = WorldTrotter;
			productName = WorldTrotter;
			productReference = 8314305E1EF257FC00519194 /* WorldTrotter.app */;
			productType = "com.apple.product-type.application";
		};
		831430711EF257FC00519194 /* WorldTrotterTests */ = {
			isa = PBXNativeTarget;
			buildConfigurationList = 831430891EF257FC00519194 /* Build configuration list for PBXNativeTarget "WorldTrotterTests" */;
			buildPhases = (
				8314306E1EF257FC00519194 /* Sources */,
				8314306F1EF257FC00519194 /* Frameworks */,
				831430701EF257FC00519194 /* Resources */,
			);
			buildRules = (
			);
			dependencies = (
				831430741EF257FC00519194 /* PBXTargetDependency */,
			);
			name = WorldTrotterTests;
			productName = WorldTrotterTests;
			productReference = 831430721EF257FC00519194 /* WorldTrotterTests.xctest */;
			productType = "com.apple.product-type.bundle.unit-test";
		};
		8314307C1EF257FC00519194 /* WorldTrotterUITests */ = {
			isa = PBXNativeTarget;
			buildConfigurationList = 8314308C1EF257FC00519194 /* Build configuration list for PBXNativeTarget "WorldTrotterUITests" */;
			buildPhases = (
				831430791EF257FC00519194 /* Sources */,
				8314307A1EF257FC00519194 /* Frameworks */,
				8314307B1EF257FC00519194 /* Resources */,
			);
			buildRules = (
			);
			dependencies = (
				8314307F1EF257FC00519194 /* PBXTargetDependency */,
			);
			name = WorldTrotterUITests;
			productName = WorldTrotterUITests;
			productReference = 8314307D1EF257FC00519194 /* WorldTrotterUITests.xctest */;
			productType = "com.apple.product-type.bundle.ui-testing";
		};
/* End PBXNativeTarget section */

/* Begin PBXProject section */
		831430561EF257FC00519194 /* Project object */ = {
			isa = PBXProject;
			attributes = {
				LastSwiftUpdateCheck = 0830;
				LastUpgradeCheck = 0830;
				ORGANIZATIONNAME = Tadmin;
				TargetAttributes = {
					8314305D1EF257FC00519194 = {
						CreatedOnToolsVersion = 8.3.3;
						ProvisioningStyle = Automatic;
					};
					831430711EF257FC00519194 = {
						CreatedOnToolsVersion = 8.3.3;
						ProvisioningStyle = Automatic;
						TestTargetID = 8314305D1EF257FC00519194;
					};
					8314307C1EF257FC00519194 = {
						CreatedOnToolsVersion = 8.3.3;
						ProvisioningStyle = Automatic;
						TestTargetID = 8314305D1EF257FC00519194;
					};
				};
			};
			buildConfigurationList = 831430591EF257FC00519194 /* Build configuration list for PBXProject "WorldTrotter" */;
			compatibilityVersion = "Xcode 3.2";
			developmentRegion = English;
			hasScannedForEncodings = 0;
			knownRegions = (
				en,
				Base,
			);
			mainGroup = 831430551EF257FC00519194;
			productRefGroup = 8314305F1EF257FC00519194 /* Products */;
			projectDirPath = "";
			projectRoot = "";
			targets = (
				8314305D1EF257FC00519194 /* WorldTrotter */,
				831430711EF257FC00519194 /* WorldTrotterTests */,
				8314307C1EF257FC00519194 /* WorldTrotterUITests */,
			);
		};
/* End PBXProject section */

/* Begin PBXResourcesBuildPhase section */
		8314305C1EF257FC00519194 /* Resources */ = {
			isa = PBXResourcesBuildPhase;
			buildActionMask = 2147483647;
			files = (
				8314306C1EF257FC00519194 /* LaunchScreen.storyboard in Resources */,
				831430691EF257FC00519194 /* Assets.xcassets in Resources */,
				831430671EF257FC00519194 /* Main.storyboard in Resources */,
			);
			runOnlyForDeploymentPostprocessing = 0;
		};
		831430701EF257FC00519194 /* Resources */ = {
			isa = PBXResourcesBuildPhase;
			buildActionMask = 2147483647;
			files = (
			);
			runOnlyForDeploymentPostprocessing = 0;
		};
		8314307B1EF257FC00519194 /* Resources */ = {
			isa = PBXResourcesBuildPhase;
			buildActionMask = 2147483647;
			files = (
			);
			runOnlyForDeploymentPostprocessing = 0;
		};
/* End PBXResourcesBuildPhase section */

/* Begin PBXSourcesBuildPhase section */
		8314305A1EF257FC00519194 /* Sources */ = {
			isa = PBXSourcesBuildPhase;
			buildActionMask = 2147483647;
			files = (
				831430641EF257FC00519194 /* ConversionViewController.swift in Sources */,
				8312E16C1EF8BC9300EDBF05 /* MapViewController.swift in Sources */,
				831430621EF257FC00519194 /* AppDelegate.swift in Sources */,
			);
			runOnlyForDeploymentPostprocessing = 0;
		};
		8314306E1EF257FC00519194 /* Sources */ = {
			isa = PBXSourcesBuildPhase;
			buildActionMask = 2147483647;
			files = (
				831430771EF257FC00519194 /* WorldTrotterTests.swift in Sources */,
			);
			runOnlyForDeploymentPostprocessing = 0;
		};
		831430791EF257FC00519194 /* Sources */ = {
			isa = PBXSourcesBuildPhase;
			buildActionMask = 2147483647;
			files = (
				831430821EF257FC00519194 /* WorldTrotterUITests.swift in Sources */,
			);
			runOnlyForDeploymentPostprocessing = 0;
		};
/* End PBXSourcesBuildPhase section */

/* Begin PBXTargetDependency section */
		831430741EF257FC00519194 /* PBXTargetDependency */ = {
			isa = PBXTargetDependency;
			target = 8314305D1EF257FC00519194 /* WorldTrotter */;
			targetProxy = 831430731EF257FC00519194 /* PBXContainerItemProxy */;
		};
		8314307F1EF257FC00519194 /* PBXTargetDependency */ = {
			isa = PBXTargetDependency;
			target = 8314305D1EF257FC00519194 /* WorldTrotter */;
			targetProxy = 8314307E1EF257FC00519194 /* PBXContainerItemProxy */;
		};
/* End PBXTargetDependency section */

/* Begin PBXVariantGroup section */
		831430651EF257FC00519194 /* Main.storyboard */ = {
			isa = PBXVariantGroup;
			children = (
				831430661EF257FC00519194 /* Base */,
			);
			name = Main.storyboard;
			sourceTree = "<group>";
		};
		8314306A1EF257FC00519194 /* LaunchScreen.storyboard */ = {
			isa = PBXVariantGroup;
			children = (
				8314306B1EF257FC00519194 /* Base */,
			);
			name = LaunchScreen.storyboard;
			sourceTree = "<group>";
		};
/* End PBXVariantGroup section */

/* Begin XCBuildConfiguration section */
		831430841EF257FC00519194 /* Debug */ = {
			isa = XCBuildConfiguration;
			buildSettings = {
				ALWAYS_SEARCH_USER_PATHS = NO;
				CLANG_ANALYZER_NONNULL = YES;
				CLANG_ANALYZER_NUMBER_OBJECT_CONVERSION = YES_AGGRESSIVE;
				CLANG_CXX_LANGUAGE_STANDARD = "gnu++0x";
				CLANG_CXX_LIBRARY = "libc++";
				CLANG_ENABLE_MODULES = YES;
				CLANG_ENABLE_OBJC_ARC = YES;
				CLANG_WARN_BOOL_CONVERSION = YES;
				CLANG_WARN_CONSTANT_CONVERSION = YES;
				CLANG_WARN_DIRECT_OBJC_ISA_USAGE = YES_ERROR;
				CLANG_WARN_DOCUMENTATION_COMMENTS = YES;
				CLANG_WARN_EMPTY_BODY = YES;
				CLANG_WARN_ENUM_CONVERSION = YES;
				CLANG_WARN_INFINITE_RECURSION = YES;
				CLANG_WARN_INT_CONVERSION = YES;
				CLANG_WARN_OBJC_ROOT_CLASS = YES_ERROR;
				CLANG_WARN_SUSPICIOUS_MOVE = YES;
				CLANG_WARN_UNREACHABLE_CODE = YES;
				CLANG_WARN__DUPLICATE_METHOD_MATCH = YES;
				"CODE_SIGN_IDENTITY[sdk=iphoneos*]" = "iPhone Developer";
				COPY_PHASE_STRIP = NO;
				DEBUG_INFORMATION_FORMAT = dwarf;
				ENABLE_STRICT_OBJC_MSGSEND = YES;
				ENABLE_TESTABILITY = YES;
				GCC_C_LANGUAGE_STANDARD = gnu99;
				GCC_DYNAMIC_NO_PIC = NO;
				GCC_NO_COMMON_BLOCKS = YES;
				GCC_OPTIMIZATION_LEVEL = 0;
				GCC_PREPROCESSOR_DEFINITIONS = (
					"DEBUG=1",
					"$(inherited)",
				);
				GCC_WARN_64_TO_32_BIT_CONVERSION = YES;
				GCC_WARN_ABOUT_RETURN_TYPE = YES_ERROR;
				GCC_WARN_UNDECLARED_SELECTOR = YES;
				GCC_WARN_UNINITIALIZED_AUTOS = YES_AGGRESSIVE;
				GCC_WARN_UNUSED_FUNCTION = YES;
				GCC_WARN_UNUSED_VARIABLE = YES;
				IPHONEOS_DEPLOYMENT_TARGET = 10.3;
				MTL_ENABLE_DEBUG_INFO = YES;
				ONLY_ACTIVE_ARCH = YES;
				SDKROOT = iphoneos;
				SWIFT_ACTIVE_COMPILATION_CONDITIONS = DEBUG;
				SWIFT_OPTIMIZATION_LEVEL = "-Onone";
				TARGETED_DEVICE_FAMILY = "1,2";
			};
			name = Debug;
		};
		831430851EF257FC00519194 /* Release */ = {
			isa = XCBuildConfiguration;
			buildSettings = {
				ALWAYS_SEARCH_USER_PATHS = NO;
				CLANG_ANALYZER_NONNULL = YES;
				CLANG_ANALYZER_NUMBER_OBJECT_CONVERSION = YES_AGGRESSIVE;
				CLANG_CXX_LANGUAGE_STANDARD = "gnu++0x";
				CLANG_CXX_LIBRARY = "libc++";
				CLANG_ENABLE_MODULES = YES;
				CLANG_ENABLE_OBJC_ARC = YES;
				CLANG_WARN_BOOL_CONVERSION = YES;
				CLANG_WARN_CONSTANT_CONVERSION = YES;
				CLANG_WARN_DIRECT_OBJC_ISA_USAGE = YES_ERROR;
				CLANG_WARN_DOCUMENTATION_COMMENTS = YES;
				CLANG_WARN_EMPTY_BODY = YES;
				CLANG_WARN_ENUM_CONVERSION = YES;
				CLANG_WARN_INFINITE_RECURSION = YES;
				CLANG_WARN_INT_CONVERSION = YES;
				CLANG_WARN_OBJC_ROOT_CLASS = YES_ERROR;
				CLANG_WARN_SUSPICIOUS_MOVE = YES;
				CLANG_WARN_UNREACHABLE_CODE = YES;
				CLANG_WARN__DUPLICATE_METHOD_MATCH = YES;
				"CODE_SIGN_IDENTITY[sdk=iphoneos*]" = "iPhone Developer";
				COPY_PHASE_STRIP = NO;
				DEBUG_INFORMATION_FORMAT = "dwarf-with-dsym";
				ENABLE_NS_ASSERTIONS = NO;
				ENABLE_STRICT_OBJC_MSGSEND = YES;
				GCC_C_LANGUAGE_STANDARD = gnu99;
				GCC_NO_COMMON_BLOCKS = YES;
				GCC_WARN_64_TO_32_BIT_CONVERSION = YES;
				GCC_WARN_ABOUT_RETURN_TYPE = YES_ERROR;
				GCC_WARN_UNDECLARED_SELECTOR = YES;
				GCC_WARN_UNINITIALIZED_AUTOS = YES_AGGRESSIVE;
				GCC_WARN_UNUSED_FUNCTION = YES;
				GCC_WARN_UNUSED_VARIABLE = YES;
				IPHONEOS_DEPLOYMENT_TARGET = 10.3;
				MTL_ENABLE_DEBUG_INFO = NO;
				SDKROOT = iphoneos;
				SWIFT_OPTIMIZATION_LEVEL = "-Owholemodule";
				TARGETED_DEVICE_FAMILY = "1,2";
				VALIDATE_PRODUCT = YES;
			};
			name = Release;
		};
		831430871EF257FC00519194 /* Debug */ = {
			isa = XCBuildConfiguration;
			buildSettings = {
				ASSETCATALOG_COMPILER_APPICON_NAME = AppIcon;
				INFOPLIST_FILE = WorldTrotter/Info.plist;
				IPHONEOS_DEPLOYMENT_TARGET = 10.0;
				LD_RUNPATH_SEARCH_PATHS = "$(inherited) @executable_path/Frameworks";
				PRODUCT_BUNDLE_IDENTIFIER = com.WorldTrotter;
				PRODUCT_NAME = "$(TARGET_NAME)";
				SWIFT_VERSION = 3.0;
				TARGETED_DEVICE_FAMILY = "1,2";
			};
			name = Debug;
		};
		831430881EF257FC00519194 /* Release */ = {
			isa = XCBuildConfiguration;
			buildSettings = {
				ASSETCATALOG_COMPILER_APPICON_NAME = AppIcon;
				INFOPLIST_FILE = WorldTrotter/Info.plist;
				IPHONEOS_DEPLOYMENT_TARGET = 10.0;
				LD_RUNPATH_SEARCH_PATHS = "$(inherited) @executable_path/Frameworks";
				PRODUCT_BUNDLE_IDENTIFIER = com.WorldTrotter;
				PRODUCT_NAME = "$(TARGET_NAME)";
				SWIFT_VERSION = 3.0;
				TARGETED_DEVICE_FAMILY = "1,2";
			};
			name = Release;
		};
		8314308A1EF257FC00519194 /* Debug */ = {
			isa = XCBuildConfiguration;
			buildSettings = {
				ALWAYS_EMBED_SWIFT_STANDARD_LIBRARIES = YES;
				BUNDLE_LOADER = "$(TEST_HOST)";
				INFOPLIST_FILE = WorldTrotterTests/Info.plist;
				LD_RUNPATH_SEARCH_PATHS = "$(inherited) @executable_path/Frameworks @loader_path/Frameworks";
				PRODUCT_BUNDLE_IDENTIFIER = com.WorldTrotterTests;
				PRODUCT_NAME = "$(TARGET_NAME)";
				SWIFT_VERSION = 3.0;
				TEST_HOST = "$(BUILT_PRODUCTS_DIR)/WorldTrotter.app/WorldTrotter";
			};
			name = Debug;
		};
		8314308B1EF257FC00519194 /* Release */ = {
			isa = XCBuildConfiguration;
			buildSettings = {
				ALWAYS_EMBED_SWIFT_STANDARD_LIBRARIES = YES;
				BUNDLE_LOADER = "$(TEST_HOST)";
				INFOPLIST_FILE = WorldTrotterTests/Info.plist;
				LD_RUNPATH_SEARCH_PATHS = "$(inherited) @executable_path/Frameworks @loader_path/Frameworks";
				PRODUCT_BUNDLE_IDENTIFIER = com.WorldTrotterTests;
				PRODUCT_NAME = "$(TARGET_NAME)";
				SWIFT_VERSION = 3.0;
				TEST_HOST = "$(BUILT_PRODUCTS_DIR)/WorldTrotter.app/WorldTrotter";
			};
			name = Release;
		};
		8314308D1EF257FC00519194 /* Debug */ = {
			isa = XCBuildConfiguration;
			buildSettings = {
				ALWAYS_EMBED_SWIFT_STANDARD_LIBRARIES = YES;
				INFOPLIST_FILE = WorldTrotterUITests/Info.plist;
				LD_RUNPATH_SEARCH_PATHS = "$(inherited) @executable_path/Frameworks @loader_path/Frameworks";
				PRODUCT_BUNDLE_IDENTIFIER = com.WorldTrotterUITests;
				PRODUCT_NAME = "$(TARGET_NAME)";
				SWIFT_VERSION = 3.0;
				TEST_TARGET_NAME = WorldTrotter;
			};
			name = Debug;
		};
		8314308E1EF257FC00519194 /* Release */ = {
			isa = XCBuildConfiguration;
			buildSettings = {
				ALWAYS_EMBED_SWIFT_STANDARD_LIBRARIES = YES;
				INFOPLIST_FILE = WorldTrotterUITests/Info.plist;
				LD_RUNPATH_SEARCH_PATHS = "$(inherited) @executable_path/Frameworks @loader_path/Frameworks";
				PRODUCT_BUNDLE_IDENTIFIER = com.WorldTrotterUITests;
				PRODUCT_NAME = "$(TARGET_NAME)";
				SWIFT_VERSION = 3.0;
				TEST_TARGET_NAME = WorldTrotter;
			};
			name = Release;
		};
/* End XCBuildConfiguration section */

/* Begin XCConfigurationList section */
		831430591EF257FC00519194 /* Build configuration list for PBXProject "WorldTrotter" */ = {
			isa = XCConfigurationList;
			buildConfigurations = (
				831430841EF257FC00519194 /* Debug */,
				831430851EF257FC00519194 /* Release */,
			);
			defaultConfigurationIsVisible = 0;
			defaultConfigurationName = Release;
		};
		831430861EF257FC00519194 /* Build configuration list for PBXNativeTarget "WorldTrotter" */ = {
			isa = XCConfigurationList;
			buildConfigurations = (
				831430871EF257FC00519194 /* Debug */,
				831430881EF257FC00519194 /* Release */,
			);
			defaultConfigurationIsVisible = 0;
			defaultConfigurationName = Release;
		};
		831430891EF257FC00519194 /* Build configuration list for PBXNativeTarget "WorldTrotterTests" */ = {
			isa = XCConfigurationList;
			buildConfigurations = (
				8314308A1EF257FC00519194 /* Debug */,
				8314308B1EF257FC00519194 /* Release */,
			);
			defaultConfigurationIsVisible = 0;
			defaultConfigurationName = Release;
		};
		8314308C1EF257FC00519194 /* Build configuration list for PBXNativeTarget "WorldTrotterUITests" */ = {
			isa = XCConfigurationList;
			buildConfigurations = (
				8314308D1EF257FC00519194 /* Debug */,
				8314308E1EF257FC00519194 /* Release */,
			);
			defaultConfigurationIsVisible = 0;
			defaultConfigurationName = Release;
		};
/* End XCConfigurationList section */
	};
	rootObject = 831430561EF257FC00519194 /* Project object */;
}
